
Microsoft Visual Studio Solution File, Format Version 12.00
# Visual Studio Version 16
VisualStudioVersion = 16.0.31019.35
MinimumVisualStudioVersion = 10.0.40219.1
Project("{FAE04EC0-301F-11D3-BF4B-00C04F79EFBC}") = "WebAPI", "WebAPI\WebAPI.csproj", "{C744FB85-F8CE-47E9-B406-6BF603A0D532}"
EndProject
Project("{FAE04EC0-301F-11D3-BF4B-00C04F79EFBC}") = "WebAPICrawler", "WebAPICrawler\WebAPICrawler.csproj", "{E176DED3-2027-421A-A109-3026349F31A4}"
EndProject
Global
	GlobalSection(SolutionConfigurationPlatforms) = preSolution
		Debug|Any CPU = Debug|Any CPU
		Release|Any CPU = Release|Any CPU
	EndGlobalSection
	GlobalSection(ProjectConfigurationPlatforms) = postSolution
		{C744FB85-F8CE-47E9-B406-6BF603A0D532}.Debug|Any CPU.ActiveCfg = Debug|Any CPU
		{C744FB85-F8CE-47E9-B406-6BF603A0D532}.Debug|Any CPU.Build.0 = Debug|Any CPU
		{C744FB85-F8CE-47E9-B406-6BF603A0D532}.Release|Any CPU.ActiveCfg = Release|Any CPU
		{C744FB85-F8CE-47E9-B406-6BF603A0D532}.Release|Any CPU.Build.0 = Release|Any CPU
		{E176DED3-2027-421A-A109-3026349F31A4}.Debug|Any CPU.ActiveCfg = Debug|Any CPU
		{E176DED3-2027-421A-A109-3026349F31A4}.Debug|Any CPU.Build.0 = Debug|Any CPU
		{E176DED3-2027-421A-A109-3026349F31A4}.Release|Any CPU.ActiveCfg = Release|Any CPU
		{E176DED3-2027-421A-A109-3026349F31A4}.Release|Any CPU.Build.0 = Release|Any CPU
	EndGlobalSection
	GlobalSection(SolutionProperties) = preSolution
		HideSolutionNode = FALSE
	EndGlobalSection
	GlobalSection(ExtensibilityGlobals) = postSolution
		SolutionGuid = {4B36C397-F5EF-45C9-8CD2-82A843BBB0A3}
	EndGlobalSection
EndGlobal
